{
    "version": 3,
    "terraform_version": "0.11.7",
    "serial": 4,
    "lineage": "83980bb3-9711-bc69-aaea-5d3781ec190f",
    "modules": [
        {
            "path": [
                "root"
            ],
            "outputs": {},
            "resources": {
                "digitalocean_droplet.devops-demo": {
                    "type": "digitalocean_droplet",
                    "depends_on": [],
                    "primary": {
                        "id": "98141756",
                        "attributes": {
                            "disk": "20",
                            "id": "98141756",
                            "image": "35366897",
                            "ipv4_address": "178.128.191.231",
                            "locked": "false",
                            "name": "platzi-demo-v2",
                            "price_hourly": "0.00744",
                            "price_monthly": "5",
                            "region": "sfo2",
                            "resize_disk": "true",
                            "size": "512mb",
                            "ssh_keys.#": "1",
                            "ssh_keys.0": "21651223",
                            "status": "active",
                            "tags.#": "0",
                            "user_data": "#cloud-config\ncoreos:\n    units:\n      -name: \"platzi.service\"\n       command: \"start\"\n       content: |\n         [Unit]\n         Description=Platzi Demo\n         After=docker.service\n\n         [Service]\n         ExecStart=/usr/bin/docker run -d -p 3000:3000 platzi\n",
                            "vcpus": "1"
                        },
                        "meta": {},
                        "tainted": false
                    },
                    "deposed": [],
                    "provider": "provider.digitalocean"
                }
            },
            "depends_on": []
        }
    ]
}
